
Microsoft Visual Studio Solution File, Format Version 12.00
# Visual Studio 15
VisualStudioVersion = 15.0.27130.2036
MinimumVisualStudioVersion = 10.0.40219.1
Project("{FAE04EC0-301F-11D3-BF4B-00C04F79EFBC}") = "OxyPlotTest", "OxyPlotTest\OxyPlotTest.csproj", "{6E7A74AE-AC2D-4915-B6AE-7824255A7331}"
EndProject
Project("{FAE04EC0-301F-11D3-BF4B-00C04F79EFBC}") = "TestIntegral", "TestIntegral\TestIntegral.csproj", "{8510293D-D4CD-4BA5-BCF2-684B4294025E}"
EndProject
Global
	GlobalSection(SolutionConfigurationPlatforms) = preSolution
		Debug|Any CPU = Debug|Any CPU
		Release|Any CPU = Release|Any CPU
	EndGlobalSection
	GlobalSection(ProjectConfigurationPlatforms) = postSolution
		{6E7A74AE-AC2D-4915-B6AE-7824255A7331}.Debug|Any CPU.ActiveCfg = Debug|Any CPU
		{6E7A74AE-AC2D-4915-B6AE-7824255A7331}.Debug|Any CPU.Build.0 = Debug|Any CPU
		{6E7A74AE-AC2D-4915-B6AE-7824255A7331}.Release|Any CPU.ActiveCfg = Release|Any CPU
		{6E7A74AE-AC2D-4915-B6AE-7824255A7331}.Release|Any CPU.Build.0 = Release|Any CPU
		{8510293D-D4CD-4BA5-BCF2-684B4294025E}.Debug|Any CPU.ActiveCfg = Debug|Any CPU
		{8510293D-D4CD-4BA5-BCF2-684B4294025E}.Debug|Any CPU.Build.0 = Debug|Any CPU
		{8510293D-D4CD-4BA5-BCF2-684B4294025E}.Release|Any CPU.ActiveCfg = Release|Any CPU
		{8510293D-D4CD-4BA5-BCF2-684B4294025E}.Release|Any CPU.Build.0 = Release|Any CPU
	EndGlobalSection
	GlobalSection(SolutionProperties) = preSolution
		HideSolutionNode = FALSE
	EndGlobalSection
	GlobalSection(ExtensibilityGlobals) = postSolution
		SolutionGuid = {CD10BDD1-1589-4556-84BA-89CE3DDDF6E9}
	EndGlobalSection
EndGlobal
